
Microsoft Visual Studio Solution File, Format Version 11.00
# Visual Studio 2010
Project("{FAE04EC0-301F-11D3-BF4B-00C04F79EFBC}") = "MicrowaveBalloonAdventure", "Assembly-CSharp.csproj", "{C9121D44-4EF1-DB8B-E5C3-6F90064E7410}"
EndProject
Global
	GlobalSection(SolutionConfigurationPlatforms) = preSolution
		Debug|Any CPU = Debug|Any CPU
		Release|Any CPU = Release|Any CPU
	EndGlobalSection
	GlobalSection(ProjectConfigurationPlatforms) = postSolution
		{C9121D44-4EF1-DB8B-E5C3-6F90064E7410}.Debug|Any CPU.ActiveCfg = Debug|Any CPU
		{C9121D44-4EF1-DB8B-E5C3-6F90064E7410}.Debug|Any CPU.Build.0 = Debug|Any CPU
		{C9121D44-4EF1-DB8B-E5C3-6F90064E7410}.Release|Any CPU.ActiveCfg = Release|Any CPU
		{C9121D44-4EF1-DB8B-E5C3-6F90064E7410}.Release|Any CPU.Build.0 = Release|Any CPU
	EndGlobalSection
	GlobalSection(SolutionProperties) = preSolution
		HideSolutionNode = FALSE
	EndGlobalSection
	GlobalSection(MonoDevelopProperties) = preSolution
		StartupItem = Assembly-CSharp.csproj
	EndGlobalSection
EndGlobal
